// !$*UTF8*$!
{
	archiveVersion = 1;
	classes = {
	};
	objectVersion = 50;
	objects = {

/* Begin PBXBuildFile section */
		FD7278DA2476648900051F9B /* AppDelegate.swift in Sources */ = {isa = PBXBuildFile; fileRef = FD7278D92476648900051F9B /* AppDelegate.swift */; };
		FD7278DC2476648900051F9B /* SceneDelegate.swift in Sources */ = {isa = PBXBuildFile; fileRef = FD7278DB2476648900051F9B /* SceneDelegate.swift */; };
		FD7278DE2476648900051F9B /* ViewController.swift in Sources */ = {isa = PBXBuildFile; fileRef = FD7278DD2476648900051F9B /* ViewController.swift */; };
		FD7278E12476648900051F9B /* Main.storyboard in Resources */ = {isa = PBXBuildFile; fileRef = FD7278DF2476648900051F9B /* Main.storyboard */; };
		FD7278E32476649000051F9B /* Assets.xcassets in Resources */ = {isa = PBXBuildFile; fileRef = FD7278E22476649000051F9B /* Assets.xcassets */; };
		FD7278E62476649000051F9B /* LaunchScreen.storyboard in Resources */ = {isa = PBXBuildFile; fileRef = FD7278E42476649000051F9B /* LaunchScreen.storyboard */; };
		FD7278F12476649000051F9B /* TechMonTests.swift in Sources */ = {isa = PBXBuildFile; fileRef = FD7278F02476649000051F9B /* TechMonTests.swift */; };
		FD7278FC2476649100051F9B /* TechMonUITests.swift in Sources */ = {isa = PBXBuildFile; fileRef = FD7278FB2476649100051F9B /* TechMonUITests.swift */; };
		FD72793324766EEC00051F9B /* LobbyViewController.swift in Sources */ = {isa = PBXBuildFile; fileRef = FD72793224766EEC00051F9B /* LobbyViewController.swift */; };
		FD72793524766F0000051F9B /* BattleViewController.swift in Sources */ = {isa = PBXBuildFile; fileRef = FD72793424766F0000051F9B /* BattleViewController.swift */; };
		FD727952247683D300051F9B /* lobby.png in Resources */ = {isa = PBXBuildFile; fileRef = FD727939247683D300051F9B /* lobby.png */; };
		FD727953247683D300051F9B /* battlebg.png in Resources */ = {isa = PBXBuildFile; fileRef = FD72793A247683D300051F9B /* battlebg.png */; };
		FD727954247683D300051F9B /* bgimage.jpg in Resources */ = {isa = PBXBuildFile; fileRef = FD72793B247683D300051F9B /* bgimage.jpg */; };
		FD727956247683D300051F9B /* waku.png in Resources */ = {isa = PBXBuildFile; fileRef = FD72793D247683D300051F9B /* waku.png */; };
		FD727957247683D300051F9B /* gold_button.png in Resources */ = {isa = PBXBuildFile; fileRef = FD72793E247683D300051F9B /* gold_button.png */; };
		FD727958247683D300051F9B /* yusya.png in Resources */ = {isa = PBXBuildFile; fileRef = FD72793F247683D300051F9B /* yusya.png */; };
		FD727959247683D300051F9B /* monster.png in Resources */ = {isa = PBXBuildFile; fileRef = FD727940247683D300051F9B /* monster.png */; };
		FD72795B247683D300051F9B /* TechMonManager.swift in Sources */ = {isa = PBXBuildFile; fileRef = FD727943247683D300051F9B /* TechMonManager.swift */; };
		FD72795C247683D300051F9B /* Character.swift in Sources */ = {isa = PBXBuildFile; fileRef = FD727944247683D300051F9B /* Character.swift */; };
		FD72795D247683D300051F9B /* SE_fanfare.mp3 in Resources */ = {isa = PBXBuildFile; fileRef = FD727946247683D300051F9B /* SE_fanfare.mp3 */; };
		FD72795E247683D300051F9B /* BGM_battle001.mp3 in Resources */ = {isa = PBXBuildFile; fileRef = FD727947247683D300051F9B /* BGM_battle001.mp3 */; };
		FD727960247683D300051F9B /* SE_fire.mp3 in Resources */ = {isa = PBXBuildFile; fileRef = FD727949247683D300051F9B /* SE_fire.mp3 */; };
		FD727961247683D300051F9B /* SE_attack.mp3 in Resources */ = {isa = PBXBuildFile; fileRef = FD72794A247683D300051F9B /* SE_attack.mp3 */; };
		FD727962247683D300051F9B /* SE_gameover.mp3 in Resources */ = {isa = PBXBuildFile; fileRef = FD72794B247683D300051F9B /* SE_gameover.mp3 */; };
		FD727963247683D300051F9B /* SE_charge.mp3 in Resources */ = {isa = PBXBuildFile; fileRef = FD72794C247683D300051F9B /* SE_charge.mp3 */; };
		FD727964247683D300051F9B /* lobby.mp3 in Resources */ = {isa = PBXBuildFile; fileRef = FD72794D247683D300051F9B /* lobby.mp3 */; };
		FD727966247683D300051F9B /* misaki_gothic.ttf in Resources */ = {isa = PBXBuildFile; fileRef = FD727950247683D300051F9B /* misaki_gothic.ttf */; };
/* End PBXBuildFile section */

/* Begin PBXContainerItemProxy section */
		FD7278ED2476649000051F9B /* PBXContainerItemProxy */ = {
			isa = PBXContainerItemProxy;
			containerPortal = FD7278CE2476648900051F9B /* Project object */;
			proxyType = 1;
			remoteGlobalIDString = FD7278D52476648900051F9B;
			remoteInfo = TechMon;
		};
		FD7278F82476649100051F9B /* PBXContainerItemProxy */ = {
			isa = PBXContainerItemProxy;
			containerPortal = FD7278CE2476648900051F9B /* Project object */;
			proxyType = 1;
			remoteGlobalIDString = FD7278D52476648900051F9B;
			remoteInfo = TechMon;
		};
/* End PBXContainerItemProxy section */

/* Begin PBXFileReference section */
		FD7278D62476648900051F9B /* TechMon.app */ = {isa = PBXFileReference; explicitFileType = wrapper.application; includeInIndex = 0; path = TechMon.app; sourceTree = BUILT_PRODUCTS_DIR; };
		FD7278D92476648900051F9B /* AppDelegate.swift */ = {isa = PBXFileReference; lastKnownFileType = sourcecode.swift; path = AppDelegate.swift; sourceTree = "<group>"; };
		FD7278DB2476648900051F9B /* SceneDelegate.swift */ = {isa = PBXFileReference; lastKnownFileType = sourcecode.swift; path = SceneDelegate.swift; sourceTree = "<group>"; };
		FD7278DD2476648900051F9B /* ViewController.swift */ = {isa = PBXFileReference; lastKnownFileType = sourcecode.swift; path = ViewController.swift; sourceTree = "<group>"; };
		FD7278E02476648900051F9B /* Base */ = {isa = PBXFileReference; lastKnownFileType = file.storyboard; name = Base; path = Base.lproj/Main.storyboard; sourceTree = "<group>"; };
		FD7278E22476649000051F9B /* Assets.xcassets */ = {isa = PBXFileReference; lastKnownFileType = folder.assetcatalog; path = Assets.xcassets; sourceTree = "<group>"; };
		FD7278E52476649000051F9B /* Base */ = {isa = PBXFileReference; lastKnownFileType = file.storyboard; name = Base; path = Base.lproj/LaunchScreen.storyboard; sourceTree = "<group>"; };
		FD7278E72476649000051F9B /* Info.plist */ = {isa = PBXFileReference; lastKnownFileType = text.plist.xml; path = Info.plist; sourceTree = "<group>"; };
		FD7278EC2476649000051F9B /* TechMonTests.xctest */ = {isa = PBXFileReference; explicitFileType = wrapper.cfbundle; includeInIndex = 0; path = TechMonTests.xctest; sourceTree = BUILT_PRODUCTS_DIR; };
		FD7278F02476649000051F9B /* TechMonTests.swift */ = {isa = PBXFileReference; lastKnownFileType = sourcecode.swift; path = TechMonTests.swift; sourceTree = "<group>"; };
		FD7278F22476649000051F9B /* Info.plist */ = {isa = PBXFileReference; lastKnownFileType = text.plist.xml; path = Info.plist; sourceTree = "<group>"; };
		FD7278F72476649100051F9B /* TechMonUITests.xctest */ = {isa = PBXFileReference; explicitFileType = wrapper.cfbundle; includeInIndex = 0; path = TechMonUITests.xctest; sourceTree = BUILT_PRODUCTS_DIR; };
		FD7278FB2476649100051F9B /* TechMonUITests.swift */ = {isa = PBXFileReference; lastKnownFileType = sourcecode.swift; path = TechMonUITests.swift; sourceTree = "<group>"; };
		FD7278FD2476649100051F9B /* Info.plist */ = {isa = PBXFileReference; lastKnownFileType = text.plist.xml; path = Info.plist; sourceTree = "<group>"; };
		FD72793224766EEC00051F9B /* LobbyViewController.swift */ = {isa = PBXFileReference; lastKnownFileType = sourcecode.swift; path = LobbyViewController.swift; sourceTree = "<group>"; };
		FD72793424766F0000051F9B /* BattleViewController.swift */ = {isa = PBXFileReference; lastKnownFileType = sourcecode.swift; path = BattleViewController.swift; sourceTree = "<group>"; };
		FD727939247683D300051F9B /* lobby.png */ = {isa = PBXFileReference; lastKnownFileType = image.png; path = lobby.png; sourceTree = "<group>"; };
		FD72793A247683D300051F9B /* battlebg.png */ = {isa = PBXFileReference; lastKnownFileType = image.png; path = battlebg.png; sourceTree = "<group>"; };
		FD72793B247683D300051F9B /* bgimage.jpg */ = {isa = PBXFileReference; lastKnownFileType = image.jpeg; path = bgimage.jpg; sourceTree = "<group>"; };
		FD72793D247683D300051F9B /* waku.png */ = {isa = PBXFileReference; lastKnownFileType = image.png; path = waku.png; sourceTree = "<group>"; };
		FD72793E247683D300051F9B /* gold_button.png */ = {isa = PBXFileReference; lastKnownFileType = image.png; path = gold_button.png; sourceTree = "<group>"; };
		FD72793F247683D300051F9B /* yusya.png */ = {isa = PBXFileReference; lastKnownFileType = image.png; path = yusya.png; sourceTree = "<group>"; };
		FD727940247683D300051F9B /* monster.png */ = {isa = PBXFileReference; lastKnownFileType = image.png; path = monster.png; sourceTree = "<group>"; };
		FD727943247683D300051F9B /* TechMonManager.swift */ = {isa = PBXFileReference; fileEncoding = 4; lastKnownFileType = sourcecode.swift; path = TechMonManager.swift; sourceTree = "<group>"; };
		FD727944247683D300051F9B /* Character.swift */ = {isa = PBXFileReference; fileEncoding = 4; lastKnownFileType = sourcecode.swift; path = Character.swift; sourceTree = "<group>"; };
		FD727946247683D300051F9B /* SE_fanfare.mp3 */ = {isa = PBXFileReference; lastKnownFileType = audio.mp3; path = SE_fanfare.mp3; sourceTree = "<group>"; };
		FD727947247683D300051F9B /* BGM_battle001.mp3 */ = {isa = PBXFileReference; lastKnownFileType = audio.mp3; path = BGM_battle001.mp3; sourceTree = "<group>"; };
		FD727949247683D300051F9B /* SE_fire.mp3 */ = {isa = PBXFileReference; lastKnownFileType = audio.mp3; path = SE_fire.mp3; sourceTree = "<group>"; };
		FD72794A247683D300051F9B /* SE_attack.mp3 */ = {isa = PBXFileReference; lastKnownFileType = audio.mp3; path = SE_attack.mp3; sourceTree = "<group>"; };
		FD72794B247683D300051F9B /* SE_gameover.mp3 */ = {isa = PBXFileReference; lastKnownFileType = audio.mp3; path = SE_gameover.mp3; sourceTree = "<group>"; };
		FD72794C247683D300051F9B /* SE_charge.mp3 */ = {isa = PBXFileReference; lastKnownFileType = audio.mp3; path = SE_charge.mp3; sourceTree = "<group>"; };
		FD72794D247683D300051F9B /* lobby.mp3 */ = {isa = PBXFileReference; lastKnownFileType = audio.mp3; path = lobby.mp3; sourceTree = "<group>"; };
		FD727950247683D300051F9B /* misaki_gothic.ttf */ = {isa = PBXFileReference; lastKnownFileType = file; path = misaki_gothic.ttf; sourceTree = "<group>"; };
/* End PBXFileReference section */

/* Begin PBXFrameworksBuildPhase section */
		FD7278D32476648900051F9B /* Frameworks */ = {
			isa = PBXFrameworksBuildPhase;
			buildActionMask = 2147483647;
			files = (
			);
			runOnlyForDeploymentPostprocessing = 0;
		};
		FD7278E92476649000051F9B /* Frameworks */ = {
			isa = PBXFrameworksBuildPhase;
			buildActionMask = 2147483647;
			files = (
			);
			runOnlyForDeploymentPostprocessing = 0;
		};
		FD7278F42476649100051F9B /* Frameworks */ = {
			isa = PBXFrameworksBuildPhase;
			buildActionMask = 2147483647;
			files = (
			);
			runOnlyForDeploymentPostprocessing = 0;
		};
/* End PBXFrameworksBuildPhase section */

/* Begin PBXGroup section */
		FD7278CD2476648900051F9B = {
			isa = PBXGroup;
			children = (
				FD7278D82476648900051F9B /* TechMon */,
				FD7278EF2476649000051F9B /* TechMonTests */,
				FD7278FA2476649100051F9B /* TechMonUITests */,
				FD7278D72476648900051F9B /* Products */,
			);
			sourceTree = "<group>";
		};
		FD7278D72476648900051F9B /* Products */ = {
			isa = PBXGroup;
			children = (
				FD7278D62476648900051F9B /* TechMon.app */,
				FD7278EC2476649000051F9B /* TechMonTests.xctest */,
				FD7278F72476649100051F9B /* TechMonUITests.xctest */,
			);
			name = Products;
			sourceTree = "<group>";
		};
		FD7278D82476648900051F9B /* TechMon */ = {
			isa = PBXGroup;
			children = (
				FD727936247683D300051F9B /* TechMon_Resource */,
				FD7278D92476648900051F9B /* AppDelegate.swift */,
				FD7278DB2476648900051F9B /* SceneDelegate.swift */,
				FD7278DD2476648900051F9B /* ViewController.swift */,
				FD7278DF2476648900051F9B /* Main.storyboard */,
				FD7278E22476649000051F9B /* Assets.xcassets */,
				FD7278E42476649000051F9B /* LaunchScreen.storyboard */,
				FD7278E72476649000051F9B /* Info.plist */,
				FD72793224766EEC00051F9B /* LobbyViewController.swift */,
				FD72793424766F0000051F9B /* BattleViewController.swift */,
			);
			path = TechMon;
			sourceTree = "<group>";
		};
		FD7278EF2476649000051F9B /* TechMonTests */ = {
			isa = PBXGroup;
			children = (
				FD7278F02476649000051F9B /* TechMonTests.swift */,
				FD7278F22476649000051F9B /* Info.plist */,
			);
			path = TechMonTests;
			sourceTree = "<group>";
		};
		FD7278FA2476649100051F9B /* TechMonUITests */ = {
			isa = PBXGroup;
			children = (
				FD7278FB2476649100051F9B /* TechMonUITests.swift */,
				FD7278FD2476649100051F9B /* Info.plist */,
			);
			path = TechMonUITests;
			sourceTree = "<group>";
		};
		FD727936247683D300051F9B /* TechMon_Resource */ = {
			isa = PBXGroup;
			children = (
				FD727938247683D300051F9B /* Images */,
				FD727941247683D300051F9B /* Models */,
				FD727945247683D300051F9B /* Sounds */,
				FD72794E247683D300051F9B /* Fonts */,
			);
			path = TechMon_Resource;
			sourceTree = "<group>";
		};
		FD727938247683D300051F9B /* Images */ = {
			isa = PBXGroup;
			children = (
				FD727939247683D300051F9B /* lobby.png */,
				FD72793A247683D300051F9B /* battlebg.png */,
				FD72793B247683D300051F9B /* bgimage.jpg */,
				FD72793D247683D300051F9B /* waku.png */,
				FD72793E247683D300051F9B /* gold_button.png */,
				FD72793F247683D300051F9B /* yusya.png */,
				FD727940247683D300051F9B /* monster.png */,
			);
			path = Images;
			sourceTree = "<group>";
		};
		FD727941247683D300051F9B /* Models */ = {
			isa = PBXGroup;
			children = (
				FD727943247683D300051F9B /* TechMonManager.swift */,
				FD727944247683D300051F9B /* Character.swift */,
			);
			path = Models;
			sourceTree = "<group>";
		};
		FD727945247683D300051F9B /* Sounds */ = {
			isa = PBXGroup;
			children = (
				FD727946247683D300051F9B /* SE_fanfare.mp3 */,
				FD727947247683D300051F9B /* BGM_battle001.mp3 */,
				FD727949247683D300051F9B /* SE_fire.mp3 */,
				FD72794A247683D300051F9B /* SE_attack.mp3 */,
				FD72794B247683D300051F9B /* SE_gameover.mp3 */,
				FD72794C247683D300051F9B /* SE_charge.mp3 */,
				FD72794D247683D300051F9B /* lobby.mp3 */,
			);
			path = Sounds;
			sourceTree = "<group>";
		};
		FD72794E247683D300051F9B /* Fonts */ = {
			isa = PBXGroup;
			children = (
				FD727950247683D300051F9B /* misaki_gothic.ttf */,
			);
			path = Fonts;
			sourceTree = "<group>";
		};
/* End PBXGroup section */

/* Begin PBXNativeTarget section */
		FD7278D52476648900051F9B /* TechMon */ = {
			isa = PBXNativeTarget;
			buildConfigurationList = FD7279002476649100051F9B /* Build configuration list for PBXNativeTarget "TechMon" */;
			buildPhases = (
				FD7278D22476648900051F9B /* Sources */,
				FD7278D32476648900051F9B /* Frameworks */,
				FD7278D42476648900051F9B /* Resources */,
			);
			buildRules = (
			);
			dependencies = (
			);
			name = TechMon;
			productName = TechMon;
			productReference = FD7278D62476648900051F9B /* TechMon.app */;
			productType = "com.apple.product-type.application";
		};
		FD7278EB2476649000051F9B /* TechMonTests */ = {
			isa = PBXNativeTarget;
			buildConfigurationList = FD7279032476649100051F9B /* Build configuration list for PBXNativeTarget "TechMonTests" */;
			buildPhases = (
				FD7278E82476649000051F9B /* Sources */,
				FD7278E92476649000051F9B /* Frameworks */,
				FD7278EA2476649000051F9B /* Resources */,
			);
			buildRules = (
			);
			dependencies = (
				FD7278EE2476649000051F9B /* PBXTargetDependency */,
			);
			name = TechMonTests;
			productName = TechMonTests;
			productReference = FD7278EC2476649000051F9B /* TechMonTests.xctest */;
			productType = "com.apple.product-type.bundle.unit-test";
		};
		FD7278F62476649100051F9B /* TechMonUITests */ = {
			isa = PBXNativeTarget;
			buildConfigurationList = FD7279062476649100051F9B /* Build configuration list for PBXNativeTarget "TechMonUITests" */;
			buildPhases = (
				FD7278F32476649100051F9B /* Sources */,
				FD7278F42476649100051F9B /* Frameworks */,
				FD7278F52476649100051F9B /* Resources */,
			);
			buildRules = (
			);
			dependencies = (
				FD7278F92476649100051F9B /* PBXTargetDependency */,
			);
			name = TechMonUITests;
			productName = TechMonUITests;
			productReference = FD7278F72476649100051F9B /* TechMonUITests.xctest */;
			productType = "com.apple.product-type.bundle.ui-testing";
		};
/* End PBXNativeTarget section */

/* Begin PBXProject section */
		FD7278CE2476648900051F9B /* Project object */ = {
			isa = PBXProject;
			attributes = {
				LastSwiftUpdateCheck = 1140;
				LastUpgradeCheck = 1140;
				ORGANIZATIONNAME = "清水拓郎";
				TargetAttributes = {
					FD7278D52476648900051F9B = {
						CreatedOnToolsVersion = 11.4.1;
					};
					FD7278EB2476649000051F9B = {
						CreatedOnToolsVersion = 11.4.1;
						TestTargetID = FD7278D52476648900051F9B;
					};
					FD7278F62476649100051F9B = {
						CreatedOnToolsVersion = 11.4.1;
						TestTargetID = FD7278D52476648900051F9B;
					};
				};
			};
			buildConfigurationList = FD7278D12476648900051F9B /* Build configuration list for PBXProject "TechMon" */;
			compatibilityVersion = "Xcode 9.3";
			developmentRegion = en;
			hasScannedForEncodings = 0;
			knownRegions = (
				en,
				Base,
			);
			mainGroup = FD7278CD2476648900051F9B;
			productRefGroup = FD7278D72476648900051F9B /* Products */;
			projectDirPath = "";
			projectRoot = "";
			targets = (
				FD7278D52476648900051F9B /* TechMon */,
				FD7278EB2476649000051F9B /* TechMonTests */,
				FD7278F62476649100051F9B /* TechMonUITests */,
			);
		};
/* End PBXProject section */

/* Begin PBXResourcesBuildPhase section */
		FD7278D42476648900051F9B /* Resources */ = {
			isa = PBXResourcesBuildPhase;
			buildActionMask = 2147483647;
			files = (
				FD727963247683D300051F9B /* SE_charge.mp3 in Resources */,
				FD727964247683D300051F9B /* lobby.mp3 in Resources */,
				FD727954247683D300051F9B /* bgimage.jpg in Resources */,
				FD7278E62476649000051F9B /* LaunchScreen.storyboard in Resources */,
				FD727959247683D300051F9B /* monster.png in Resources */,
				FD72795E247683D300051F9B /* BGM_battle001.mp3 in Resources */,
				FD727956247683D300051F9B /* waku.png in Resources */,
				FD727966247683D300051F9B /* misaki_gothic.ttf in Resources */,
				FD727960247683D300051F9B /* SE_fire.mp3 in Resources */,
				FD727957247683D300051F9B /* gold_button.png in Resources */,
				FD72795D247683D300051F9B /* SE_fanfare.mp3 in Resources */,
				FD7278E32476649000051F9B /* Assets.xcassets in Resources */,
				FD727958247683D300051F9B /* yusya.png in Resources */,
				FD7278E12476648900051F9B /* Main.storyboard in Resources */,
				FD727961247683D300051F9B /* SE_attack.mp3 in Resources */,
				FD727953247683D300051F9B /* battlebg.png in Resources */,
				FD727962247683D300051F9B /* SE_gameover.mp3 in Resources */,
				FD727952247683D300051F9B /* lobby.png in Resources */,
			);
			runOnlyForDeploymentPostprocessing = 0;
		};
		FD7278EA2476649000051F9B /* Resources */ = {
			isa = PBXResourcesBuildPhase;
			buildActionMask = 2147483647;
			files = (
			);
			runOnlyForDeploymentPostprocessing = 0;
		};
		FD7278F52476649100051F9B /* Resources */ = {
			isa = PBXResourcesBuildPhase;
			buildActionMask = 2147483647;
			files = (
			);
			runOnlyForDeploymentPostprocessing = 0;
		};
/* End PBXResourcesBuildPhase section */

/* Begin PBXSourcesBuildPhase section */
		FD7278D22476648900051F9B /* Sources */ = {
			isa = PBXSourcesBuildPhase;
			buildActionMask = 2147483647;
			files = (
				FD72795B247683D300051F9B /* TechMonManager.swift in Sources */,
				FD72793524766F0000051F9B /* BattleViewController.swift in Sources */,
				FD72795C247683D300051F9B /* Character.swift in Sources */,
				FD7278DE2476648900051F9B /* ViewController.swift in Sources */,
				FD7278DA2476648900051F9B /* AppDelegate.swift in Sources */,
				FD7278DC2476648900051F9B /* SceneDelegate.swift in Sources */,
				FD72793324766EEC00051F9B /* LobbyViewController.swift in Sources */,
			);
			runOnlyForDeploymentPostprocessing = 0;
		};
		FD7278E82476649000051F9B /* Sources */ = {
			isa = PBXSourcesBuildPhase;
			buildActionMask = 2147483647;
			files = (
				FD7278F12476649000051F9B /* TechMonTests.swift in Sources */,
			);
			runOnlyForDeploymentPostprocessing = 0;
		};
		FD7278F32476649100051F9B /* Sources */ = {
			isa = PBXSourcesBuildPhase;
			buildActionMask = 2147483647;
			files = (
				FD7278FC2476649100051F9B /* TechMonUITests.swift in Sources */,
			);
			runOnlyForDeploymentPostprocessing = 0;
		};
/* End PBXSourcesBuildPhase section */

/* Begin PBXTargetDependency section */
		FD7278EE2476649000051F9B /* PBXTargetDependency */ = {
			isa = PBXTargetDependency;
			target = FD7278D52476648900051F9B /* TechMon */;
			targetProxy = FD7278ED2476649000051F9B /* PBXContainerItemProxy */;
		};
		FD7278F92476649100051F9B /* PBXTargetDependency */ = {
			isa = PBXTargetDependency;
			target = FD7278D52476648900051F9B /* TechMon */;
			targetProxy = FD7278F82476649100051F9B /* PBXContainerItemProxy */;
		};
/* End PBXTargetDependency section */

/* Begin PBXVariantGroup section */
		FD7278DF2476648900051F9B /* Main.storyboard */ = {
			isa = PBXVariantGroup;
			children = (
				FD7278E02476648900051F9B /* Base */,
			);
			name = Main.storyboard;
			sourceTree = "<group>";
		};
		FD7278E42476649000051F9B /* LaunchScreen.storyboard */ = {
			isa = PBXVariantGroup;
			children = (
				FD7278E52476649000051F9B /* Base */,
			);
			name = LaunchScreen.storyboard;
			sourceTree = "<group>";
		};
/* End PBXVariantGroup section */

/* Begin XCBuildConfiguration section */
		FD7278FE2476649100051F9B /* Debug */ = {
			isa = XCBuildConfiguration;
			buildSettings = {
				ALWAYS_SEARCH_USER_PATHS = NO;
				CLANG_ANALYZER_NONNULL = YES;
				CLANG_ANALYZER_NUMBER_OBJECT_CONVERSION = YES_AGGRESSIVE;
				CLANG_CXX_LANGUAGE_STANDARD = "gnu++14";
				CLANG_CXX_LIBRARY = "libc++";
				CLANG_ENABLE_MODULES = YES;
				CLANG_ENABLE_OBJC_ARC = YES;
				CLANG_ENABLE_OBJC_WEAK = YES;
				CLANG_WARN_BLOCK_CAPTURE_AUTORELEASING = YES;
				CLANG_WARN_BOOL_CONVERSION = YES;
				CLANG_WARN_COMMA = YES;
				CLANG_WARN_CONSTANT_CONVERSION = YES;
				CLANG_WARN_DEPRECATED_OBJC_IMPLEMENTATIONS = YES;
				CLANG_WARN_DIRECT_OBJC_ISA_USAGE = YES_ERROR;
				CLANG_WARN_DOCUMENTATION_COMMENTS = YES;
				CLANG_WARN_EMPTY_BODY = YES;
				CLANG_WARN_ENUM_CONVERSION = YES;
				CLANG_WARN_INFINITE_RECURSION = YES;
				CLANG_WARN_INT_CONVERSION = YES;
				CLANG_WARN_NON_LITERAL_NULL_CONVERSION = YES;
				CLANG_WARN_OBJC_IMPLICIT_RETAIN_SELF = YES;
				CLANG_WARN_OBJC_LITERAL_CONVERSION = YES;
				CLANG_WARN_OBJC_ROOT_CLASS = YES_ERROR;
				CLANG_WARN_RANGE_LOOP_ANALYSIS = YES;
				CLANG_WARN_STRICT_PROTOTYPES = YES;
				CLANG_WARN_SUSPICIOUS_MOVE = YES;
				CLANG_WARN_UNGUARDED_AVAILABILITY = YES_AGGRESSIVE;
				CLANG_WARN_UNREACHABLE_CODE = YES;
				CLANG_WARN__DUPLICATE_METHOD_MATCH = YES;
				COPY_PHASE_STRIP = NO;
				DEBUG_INFORMATION_FORMAT = dwarf;
				ENABLE_STRICT_OBJC_MSGSEND = YES;
				ENABLE_TESTABILITY = YES;
				GCC_C_LANGUAGE_STANDARD = gnu11;
				GCC_DYNAMIC_NO_PIC = NO;
				GCC_NO_COMMON_BLOCKS = YES;
				GCC_OPTIMIZATION_LEVEL = 0;
				GCC_PREPROCESSOR_DEFINITIONS = (
					"DEBUG=1",
					"$(inherited)",
				);
				GCC_WARN_64_TO_32_BIT_CONVERSION = YES;
				GCC_WARN_ABOUT_RETURN_TYPE = YES_ERROR;
				GCC_WARN_UNDECLARED_SELECTOR = YES;
				GCC_WARN_UNINITIALIZED_AUTOS = YES_AGGRESSIVE;
				GCC_WARN_UNUSED_FUNCTION = YES;
				GCC_WARN_UNUSED_VARIABLE = YES;
				IPHONEOS_DEPLOYMENT_TARGET = 13.4;
				MTL_ENABLE_DEBUG_INFO = INCLUDE_SOURCE;
				MTL_FAST_MATH = YES;
				ONLY_ACTIVE_ARCH = YES;
				SDKROOT = iphoneos;
				SWIFT_ACTIVE_COMPILATION_CONDITIONS = DEBUG;
				SWIFT_OPTIMIZATION_LEVEL = "-Onone";
			};
			name = Debug;
		};
		FD7278FF2476649100051F9B /* Release */ = {
			isa = XCBuildConfiguration;
			buildSettings = {
				ALWAYS_SEARCH_USER_PATHS = NO;
				CLANG_ANALYZER_NONNULL = YES;
				CLANG_ANALYZER_NUMBER_OBJECT_CONVERSION = YES_AGGRESSIVE;
				CLANG_CXX_LANGUAGE_STANDARD = "gnu++14";
				CLANG_CXX_LIBRARY = "libc++";
				CLANG_ENABLE_MODULES = YES;
				CLANG_ENABLE_OBJC_ARC = YES;
				CLANG_ENABLE_OBJC_WEAK = YES;
				CLANG_WARN_BLOCK_CAPTURE_AUTORELEASING = YES;
				CLANG_WARN_BOOL_CONVERSION = YES;
				CLANG_WARN_COMMA = YES;
				CLANG_WARN_CONSTANT_CONVERSION = YES;
				CLANG_WARN_DEPRECATED_OBJC_IMPLEMENTATIONS = YES;
				CLANG_WARN_DIRECT_OBJC_ISA_USAGE = YES_ERROR;
				CLANG_WARN_DOCUMENTATION_COMMENTS = YES;
				CLANG_WARN_EMPTY_BODY = YES;
				CLANG_WARN_ENUM_CONVERSION = YES;
				CLANG_WARN_INFINITE_RECURSION = YES;
				CLANG_WARN_INT_CONVERSION = YES;
				CLANG_WARN_NON_LITERAL_NULL_CONVERSION = YES;
				CLANG_WARN_OBJC_IMPLICIT_RETAIN_SELF = YES;
				CLANG_WARN_OBJC_LITERAL_CONVERSION = YES;
				CLANG_WARN_OBJC_ROOT_CLASS = YES_ERROR;
				CLANG_WARN_RANGE_LOOP_ANALYSIS = YES;
				CLANG_WARN_STRICT_PROTOTYPES = YES;
				CLANG_WARN_SUSPICIOUS_MOVE = YES;
				CLANG_WARN_UNGUARDED_AVAILABILITY = YES_AGGRESSIVE;
				CLANG_WARN_UNREACHABLE_CODE = YES;
				CLANG_WARN__DUPLICATE_METHOD_MATCH = YES;
				COPY_PHASE_STRIP = NO;
				DEBUG_INFORMATION_FORMAT = "dwarf-with-dsym";
				ENABLE_NS_ASSERTIONS = NO;
				ENABLE_STRICT_OBJC_MSGSEND = YES;
				GCC_C_LANGUAGE_STANDARD = gnu11;
				GCC_NO_COMMON_BLOCKS = YES;
				GCC_WARN_64_TO_32_BIT_CONVERSION = YES;
				GCC_WARN_ABOUT_RETURN_TYPE = YES_ERROR;
				GCC_WARN_UNDECLARED_SELECTOR = YES;
				GCC_WARN_UNINITIALIZED_AUTOS = YES_AGGRESSIVE;
				GCC_WARN_UNUSED_FUNCTION = YES;
				GCC_WARN_UNUSED_VARIABLE = YES;
				IPHONEOS_DEPLOYMENT_TARGET = 13.4;
				MTL_ENABLE_DEBUG_INFO = NO;
				MTL_FAST_MATH = YES;
				SDKROOT = iphoneos;
				SWIFT_COMPILATION_MODE = wholemodule;
				SWIFT_OPTIMIZATION_LEVEL = "-O";
				VALIDATE_PRODUCT = YES;
			};
			name = Release;
		};
		FD7279012476649100051F9B /* Debug */ = {
			isa = XCBuildConfiguration;
			buildSettings = {
				ASSETCATALOG_COMPILER_APPICON_NAME = AppIcon;
				CODE_SIGN_STYLE = Automatic;
				INFOPLIST_FILE = TechMon/Info.plist;
				LD_RUNPATH_SEARCH_PATHS = (
					"$(inherited)",
					"@executable_path/Frameworks",
				);
				PRODUCT_BUNDLE_IDENTIFIER = com.litech.TechMon;
				PRODUCT_NAME = "$(TARGET_NAME)";
				SWIFT_VERSION = 5.0;
				TARGETED_DEVICE_FAMILY = "1,2";
			};
			name = Debug;
		};
		FD7279022476649100051F9B /* Release */ = {
			isa = XCBuildConfiguration;
			buildSettings = {
				ASSETCATALOG_COMPILER_APPICON_NAME = AppIcon;
				CODE_SIGN_STYLE = Automatic;
				INFOPLIST_FILE = TechMon/Info.plist;
				LD_RUNPATH_SEARCH_PATHS = (
					"$(inherited)",
					"@executable_path/Frameworks",
				);
				PRODUCT_BUNDLE_IDENTIFIER = com.litech.TechMon;
				PRODUCT_NAME = "$(TARGET_NAME)";
				SWIFT_VERSION = 5.0;
				TARGETED_DEVICE_FAMILY = "1,2";
			};
			name = Release;
		};
		FD7279042476649100051F9B /* Debug */ = {
			isa = XCBuildConfiguration;
			buildSettings = {
				ALWAYS_EMBED_SWIFT_STANDARD_LIBRARIES = YES;
				BUNDLE_LOADER = "$(TEST_HOST)";
				CODE_SIGN_STYLE = Automatic;
				INFOPLIST_FILE = TechMonTests/Info.plist;
				IPHONEOS_DEPLOYMENT_TARGET = 13.4;
				LD_RUNPATH_SEARCH_PATHS = (
					"$(inherited)",
					"@executable_path/Frameworks",
					"@loader_path/Frameworks",
				);
				PRODUCT_BUNDLE_IDENTIFIER = com.litech.TechMonTests;
				PRODUCT_NAME = "$(TARGET_NAME)";
				SWIFT_VERSION = 5.0;
				TARGETED_DEVICE_FAMILY = "1,2";
				TEST_HOST = "$(BUILT_PRODUCTS_DIR)/TechMon.app/TechMon";
			};
			name = Debug;
		};
		FD7279052476649100051F9B /* Release */ = {
			isa = XCBuildConfiguration;
			buildSettings = {
				ALWAYS_EMBED_SWIFT_STANDARD_LIBRARIES = YES;
				BUNDLE_LOADER = "$(TEST_HOST)";
				CODE_SIGN_STYLE = Automatic;
				INFOPLIST_FILE = TechMonTests/Info.plist;
				IPHONEOS_DEPLOYMENT_TARGET = 13.4;
				LD_RUNPATH_SEARCH_PATHS = (
					"$(inherited)",
					"@executable_path/Frameworks",
					"@loader_path/Frameworks",
				);
				PRODUCT_BUNDLE_IDENTIFIER = com.litech.TechMonTests;
				PRODUCT_NAME = "$(TARGET_NAME)";
				SWIFT_VERSION = 5.0;
				TARGETED_DEVICE_FAMILY = "1,2";
				TEST_HOST = "$(BUILT_PRODUCTS_DIR)/TechMon.app/TechMon";
			};
			name = Release;
		};
		FD7279072476649100051F9B /* Debug */ = {
			isa = XCBuildConfiguration;
			buildSettings = {
				ALWAYS_EMBED_SWIFT_STANDARD_LIBRARIES = YES;
				CODE_SIGN_STYLE = Automatic;
				INFOPLIST_FILE = TechMonUITests/Info.plist;
				LD_RUNPATH_SEARCH_PATHS = (
					"$(inherited)",
					"@executable_path/Frameworks",
					"@loader_path/Frameworks",
				);
				PRODUCT_BUNDLE_IDENTIFIER = com.litech.TechMonUITests;
				PRODUCT_NAME = "$(TARGET_NAME)";
				SWIFT_VERSION = 5.0;
				TARGETED_DEVICE_FAMILY = "1,2";
				TEST_TARGET_NAME = TechMon;
			};
			name = Debug;
		};
		FD7279082476649100051F9B /* Release */ = {
			isa = XCBuildConfiguration;
			buildSettings = {
				ALWAYS_EMBED_SWIFT_STANDARD_LIBRARIES = YES;
				CODE_SIGN_STYLE = Automatic;
				INFOPLIST_FILE = TechMonUITests/Info.plist;
				LD_RUNPATH_SEARCH_PATHS = (
					"$(inherited)",
					"@executable_path/Frameworks",
					"@loader_path/Frameworks",
				);
				PRODUCT_BUNDLE_IDENTIFIER = com.litech.TechMonUITests;
				PRODUCT_NAME = "$(TARGET_NAME)";
				SWIFT_VERSION = 5.0;
				TARGETED_DEVICE_FAMILY = "1,2";
				TEST_TARGET_NAME = TechMon;
			};
			name = Release;
		};
/* End XCBuildConfiguration section */

/* Begin XCConfigurationList section */
		FD7278D12476648900051F9B /* Build configuration list for PBXProject "TechMon" */ = {
			isa = XCConfigurationList;
			buildConfigurations = (
				FD7278FE2476649100051F9B /* Debug */,
				FD7278FF2476649100051F9B /* Release */,
			);
			defaultConfigurationIsVisible = 0;
			defaultConfigurationName = Release;
		};
		FD7279002476649100051F9B /* Build configuration list for PBXNativeTarget "TechMon" */ = {
			isa = XCConfigurationList;
			buildConfigurations = (
				FD7279012476649100051F9B /* Debug */,
				FD7279022476649100051F9B /* Release */,
			);
			defaultConfigurationIsVisible = 0;
			defaultConfigurationName = Release;
		};
		FD7279032476649100051F9B /* Build configuration list for PBXNativeTarget "TechMonTests" */ = {
			isa = XCConfigurationList;
			buildConfigurations = (
				FD7279042476649100051F9B /* Debug */,
				FD7279052476649100051F9B /* Release */,
			);
			defaultConfigurationIsVisible = 0;
			defaultConfigurationName = Release;
		};
		FD7279062476649100051F9B /* Build configuration list for PBXNativeTarget "TechMonUITests" */ = {
			isa = XCConfigurationList;
			buildConfigurations = (
				FD7279072476649100051F9B /* Debug */,
				FD7279082476649100051F9B /* Release */,
			);
			defaultConfigurationIsVisible = 0;
			defaultConfigurationName = Release;
		};
/* End XCConfigurationList section */
	};
	rootObject = FD7278CE2476648900051F9B /* Project object */;
}
